
Microsoft Visual Studio Solution File, Format Version 12.00
# Visual Studio Version 17
VisualStudioVersion = 17.14.36908.2 d17.14
MinimumVisualStudioVersion = 10.0.40219.1
Project("{FAE04EC0-301F-11D3-BF4B-00C04F79EFBC}") = "PAYYOBE.Android", "PAYYOBE.Android\PAYYOBE.Android.csproj", "{B3C697BF-79A6-47D2-9FB9-3CD9B0E4A4B6}"
EndProject
Project("{FAE04EC0-301F-11D3-BF4B-00C04F79EFBC}") = "PAYYOBE", "PAYYOBE\PAYYOBE.csproj", "{02075228-FAEB-4198-BF98-4271A5749E61}"
EndProject
Global
	GlobalSection(SolutionConfigurationPlatforms) = preSolution
		Debug|Any CPU = Debug|Any CPU
		Release|Any CPU = Release|Any CPU
	EndGlobalSection
	GlobalSection(ProjectConfigurationPlatforms) = postSolution
		{B3C697BF-79A6-47D2-9FB9-3CD9B0E4A4B6}.Debug|Any CPU.ActiveCfg = Debug|Any CPU
		{B3C697BF-79A6-47D2-9FB9-3CD9B0E4A4B6}.Debug|Any CPU.Build.0 = Debug|Any CPU
		{B3C697BF-79A6-47D2-9FB9-3CD9B0E4A4B6}.Debug|Any CPU.Deploy.0 = Debug|Any CPU
		{B3C697BF-79A6-47D2-9FB9-3CD9B0E4A4B6}.Release|Any CPU.ActiveCfg = Release|Any CPU
		{B3C697BF-79A6-47D2-9FB9-3CD9B0E4A4B6}.Release|Any CPU.Build.0 = Release|Any CPU
		{B3C697BF-79A6-47D2-9FB9-3CD9B0E4A4B6}.Release|Any CPU.Deploy.0 = Release|Any CPU
		{02075228-FAEB-4198-BF98-4271A5749E61}.Debug|Any CPU.ActiveCfg = Debug|Any CPU
		{02075228-FAEB-4198-BF98-4271A5749E61}.Debug|Any CPU.Build.0 = Debug|Any CPU
		{02075228-FAEB-4198-BF98-4271A5749E61}.Debug|Any CPU.Deploy.0 = Debug|Any CPU
		{02075228-FAEB-4198-BF98-4271A5749E61}.Release|Any CPU.ActiveCfg = Release|Any CPU
		{02075228-FAEB-4198-BF98-4271A5749E61}.Release|Any CPU.Build.0 = Release|Any CPU
		{02075228-FAEB-4198-BF98-4271A5749E61}.Release|Any CPU.Deploy.0 = Release|Any CPU
	EndGlobalSection
	GlobalSection(SolutionProperties) = preSolution
		HideSolutionNode = FALSE
	EndGlobalSection
	GlobalSection(ExtensibilityGlobals) = postSolution
		SolutionGuid = {B3E4654C-CAE8-4E09-9F2C-7FD7D875B9FF}
	EndGlobalSection
EndGlobal
